
Microsoft Visual Studio Solution File, Format Version 12.00
# Visual Studio Version 17
VisualStudioVersion = 17.5.33516.290
MinimumVisualStudioVersion = 10.0.40219.1
Project("{9A19103F-16F7-4668-BE54-9A1E7A4F7556}") = "Server", "Server.csproj", "{4FD60053-E3DE-4D9F-8CBB-7F9C327133F2}"
EndProject
Project("{9A19103F-16F7-4668-BE54-9A1E7A4F7556}") = "Client", "..\Client\Client.csproj", "{A2BCB24E-8EC4-492A-9B41-81695DD2E29B}"
EndProject
Project("{9A19103F-16F7-4668-BE54-9A1E7A4F7556}") = "SharedProject", "..\SharedProject\SharedProject.csproj", "{424CF2AA-832C-43F6-BA6C-CB520FB4A040}"
EndProject
Global
	GlobalSection(SolutionConfigurationPlatforms) = preSolution
		Debug|Any CPU = Debug|Any CPU
		Release|Any CPU = Release|Any CPU
	EndGlobalSection
	GlobalSection(ProjectConfigurationPlatforms) = postSolution
		{4FD60053-E3DE-4D9F-8CBB-7F9C327133F2}.Debug|Any CPU.ActiveCfg = Debug|Any CPU
		{4FD60053-E3DE-4D9F-8CBB-7F9C327133F2}.Debug|Any CPU.Build.0 = Debug|Any CPU
		{4FD60053-E3DE-4D9F-8CBB-7F9C327133F2}.Release|Any CPU.ActiveCfg = Release|Any CPU
		{4FD60053-E3DE-4D9F-8CBB-7F9C327133F2}.Release|Any CPU.Build.0 = Release|Any CPU
		{A2BCB24E-8EC4-492A-9B41-81695DD2E29B}.Debug|Any CPU.ActiveCfg = Debug|Any CPU
		{A2BCB24E-8EC4-492A-9B41-81695DD2E29B}.Debug|Any CPU.Build.0 = Debug|Any CPU
		{A2BCB24E-8EC4-492A-9B41-81695DD2E29B}.Release|Any CPU.ActiveCfg = Release|Any CPU
		{A2BCB24E-8EC4-492A-9B41-81695DD2E29B}.Release|Any CPU.Build.0 = Release|Any CPU
		{424CF2AA-832C-43F6-BA6C-CB520FB4A040}.Debug|Any CPU.ActiveCfg = Debug|Any CPU
		{424CF2AA-832C-43F6-BA6C-CB520FB4A040}.Debug|Any CPU.Build.0 = Debug|Any CPU
		{424CF2AA-832C-43F6-BA6C-CB520FB4A040}.Release|Any CPU.ActiveCfg = Release|Any CPU
		{424CF2AA-832C-43F6-BA6C-CB520FB4A040}.Release|Any CPU.Build.0 = Release|Any CPU
	EndGlobalSection
	GlobalSection(SolutionProperties) = preSolution
		HideSolutionNode = FALSE
	EndGlobalSection
	GlobalSection(ExtensibilityGlobals) = postSolution
		SolutionGuid = {72217882-C114-40CF-B330-818FEBDF2729}
	EndGlobalSection
EndGlobal
